
Microsoft Visual Studio Solution File, Format Version 12.00
# Visual Studio Version 17
VisualStudioVersion = 17.0.31903.59
MinimumVisualStudioVersion = 10.0.40219.1
Project("{FAE04EC0-301F-11D3-BF4B-00C04F79EFBC}") = "LoanEvaluator.Core", "LoanEvaluator.Core\LoanEvaluator.Core.csproj", "{30314A05-5A30-4909-B048-D202B45A297D}"
EndProject
Project("{FAE04EC0-301F-11D3-BF4B-00C04F79EFBC}") = "LoanEvaluator.Tests", "LoanEvaluator.Tests\LoanEvaluator.Tests.csproj", "{A6B5FF4B-D16B-4002-A251-4C73B62FD47E}"
EndProject
Global
	GlobalSection(SolutionConfigurationPlatforms) = preSolution
		Debug|Any CPU = Debug|Any CPU
		Debug|x64 = Debug|x64
		Debug|x86 = Debug|x86
		Release|Any CPU = Release|Any CPU
		Release|x64 = Release|x64
		Release|x86 = Release|x86
	EndGlobalSection
	GlobalSection(ProjectConfigurationPlatforms) = postSolution
		{30314A05-5A30-4909-B048-D202B45A297D}.Debug|Any CPU.ActiveCfg = Debug|Any CPU
		{30314A05-5A30-4909-B048-D202B45A297D}.Debug|Any CPU.Build.0 = Debug|Any CPU
		{30314A05-5A30-4909-B048-D202B45A297D}.Debug|x64.ActiveCfg = Debug|Any CPU
		{30314A05-5A30-4909-B048-D202B45A297D}.Debug|x64.Build.0 = Debug|Any CPU
		{30314A05-5A30-4909-B048-D202B45A297D}.Debug|x86.ActiveCfg = Debug|Any CPU
		{30314A05-5A30-4909-B048-D202B45A297D}.Debug|x86.Build.0 = Debug|Any CPU
		{30314A05-5A30-4909-B048-D202B45A297D}.Release|Any CPU.ActiveCfg = Release|Any CPU
		{30314A05-5A30-4909-B048-D202B45A297D}.Release|Any CPU.Build.0 = Release|Any CPU
		{30314A05-5A30-4909-B048-D202B45A297D}.Release|x64.ActiveCfg = Release|Any CPU
		{30314A05-5A30-4909-B048-D202B45A297D}.Release|x64.Build.0 = Release|Any CPU
		{30314A05-5A30-4909-B048-D202B45A297D}.Release|x86.ActiveCfg = Release|Any CPU
		{30314A05-5A30-4909-B048-D202B45A297D}.Release|x86.Build.0 = Release|Any CPU
		{A6B5FF4B-D16B-4002-A251-4C73B62FD47E}.Debug|Any CPU.ActiveCfg = Debug|Any CPU
		{A6B5FF4B-D16B-4002-A251-4C73B62FD47E}.Debug|Any CPU.Build.0 = Debug|Any CPU
		{A6B5FF4B-D16B-4002-A251-4C73B62FD47E}.Debug|x64.ActiveCfg = Debug|Any CPU
		{A6B5FF4B-D16B-4002-A251-4C73B62FD47E}.Debug|x64.Build.0 = Debug|Any CPU
		{A6B5FF4B-D16B-4002-A251-4C73B62FD47E}.Debug|x86.ActiveCfg = Debug|Any CPU
		{A6B5FF4B-D16B-4002-A251-4C73B62FD47E}.Debug|x86.Build.0 = Debug|Any CPU
		{A6B5FF4B-D16B-4002-A251-4C73B62FD47E}.Release|Any CPU.ActiveCfg = Release|Any CPU
		{A6B5FF4B-D16B-4002-A251-4C73B62FD47E}.Release|Any CPU.Build.0 = Release|Any CPU
		{A6B5FF4B-D16B-4002-A251-4C73B62FD47E}.Release|x64.ActiveCfg = Release|Any CPU
		{A6B5FF4B-D16B-4002-A251-4C73B62FD47E}.Release|x64.Build.0 = Release|Any CPU
		{A6B5FF4B-D16B-4002-A251-4C73B62FD47E}.Release|x86.ActiveCfg = Release|Any CPU
		{A6B5FF4B-D16B-4002-A251-4C73B62FD47E}.Release|x86.Build.0 = Release|Any CPU
	EndGlobalSection
	GlobalSection(SolutionProperties) = preSolution
		HideSolutionNode = FALSE
	EndGlobalSection
EndGlobal
